
Microsoft Visual Studio Solution File, Format Version 12.00
# Visual Studio 15
VisualStudioVersion = 15.0.28307.168
MinimumVisualStudioVersion = 10.0.40219.1
Project("{FAE04EC0-301F-11D3-BF4B-00C04F79EFBC}") = "SampleFramework.Core", "SampleFramework.Core\SampleFramework.Core.csproj", "{4EDDED9B-EAFF-4C1C-BE7E-455E21B1E037}"
EndProject
Global
	GlobalSection(SolutionConfigurationPlatforms) = preSolution
		Debug|Any CPU = Debug|Any CPU
		Release|Any CPU = Release|Any CPU
	EndGlobalSection
	GlobalSection(ProjectConfigurationPlatforms) = postSolution
		{4EDDED9B-EAFF-4C1C-BE7E-455E21B1E037}.Debug|Any CPU.ActiveCfg = Debug|Any CPU
		{4EDDED9B-EAFF-4C1C-BE7E-455E21B1E037}.Debug|Any CPU.Build.0 = Debug|Any CPU
		{4EDDED9B-EAFF-4C1C-BE7E-455E21B1E037}.Release|Any CPU.ActiveCfg = Release|Any CPU
		{4EDDED9B-EAFF-4C1C-BE7E-455E21B1E037}.Release|Any CPU.Build.0 = Release|Any CPU
	EndGlobalSection
	GlobalSection(SolutionProperties) = preSolution
		HideSolutionNode = FALSE
	EndGlobalSection
	GlobalSection(ExtensibilityGlobals) = postSolution
		SolutionGuid = {F2340FCE-3D36-4E1E-95BB-4A94F681BCA5}
	EndGlobalSection
EndGlobal
